// !$*UTF8*$!
{
	archiveVersion = 1;
	classes = {
	};
	objectVersion = 56;
	objects = {

/* Begin PBXBuildFile section */
		914A922F2C592022000A2900 /* BusinessCardApp.swift in Sources */ = {isa = PBXBuildFile; fileRef = 914A922E2C592022000A2900 /* BusinessCardApp.swift */; };
		914A92312C592022000A2900 /* ContentView.swift in Sources */ = {isa = PBXBuildFile; fileRef = 914A92302C592022000A2900 /* ContentView.swift */; };
		914A92332C592022000A2900 /* Item.swift in Sources */ = {isa = PBXBuildFile; fileRef = 914A92322C592022000A2900 /* Item.swift */; };
		914A92352C592024000A2900 /* Assets.xcassets in Resources */ = {isa = PBXBuildFile; fileRef = 914A92342C592024000A2900 /* Assets.xcassets */; };
		914A92382C592024000A2900 /* Preview Assets.xcassets in Resources */ = {isa = PBXBuildFile; fileRef = 914A92372C592024000A2900 /* Preview Assets.xcassets */; };
		914A92422C592024000A2900 /* BusinessCardTests.swift in Sources */ = {isa = PBXBuildFile; fileRef = 914A92412C592024000A2900 /* BusinessCardTests.swift */; };
		914A924C2C592024000A2900 /* BusinessCardUITests.swift in Sources */ = {isa = PBXBuildFile; fileRef = 914A924B2C592024000A2900 /* BusinessCardUITests.swift */; };
		914A924E2C592024000A2900 /* BusinessCardUITestsLaunchTests.swift in Sources */ = {isa = PBXBuildFile; fileRef = 914A924D2C592024000A2900 /* BusinessCardUITestsLaunchTests.swift */; };
		914A925B2C5932DD000A2900 /* CardSharingView.swift in Sources */ = {isa = PBXBuildFile; fileRef = 914A925A2C5932DD000A2900 /* CardSharingView.swift */; };
		914A925D2C593750000A2900 /* CardView.swift in Sources */ = {isa = PBXBuildFile; fileRef = 914A925C2C593750000A2900 /* CardView.swift */; };
		914A92642C5976D0000A2900 /* MCBrowserView.swift in Sources */ = {isa = PBXBuildFile; fileRef = 914A92632C5976D0000A2900 /* MCBrowserView.swift */; };
		914A92662C5976F2000A2900 /* BrowserCoordinator.swift in Sources */ = {isa = PBXBuildFile; fileRef = 914A92652C5976F2000A2900 /* BrowserCoordinator.swift */; };
		914A92682C597CE4000A2900 /* MultipeerSession.swift in Sources */ = {isa = PBXBuildFile; fileRef = 914A92672C597CE4000A2900 /* MultipeerSession.swift */; };
		914A926A2C598421000A2900 /* BrowsePeers.swift in Sources */ = {isa = PBXBuildFile; fileRef = 914A92692C598421000A2900 /* BrowsePeers.swift */; };
		914A926C2C5A2C82000A2900 /* Settings.swift in Sources */ = {isa = PBXBuildFile; fileRef = 914A926B2C5A2C82000A2900 /* Settings.swift */; };
/* End PBXBuildFile section */

/* Begin PBXContainerItemProxy section */
		914A923E2C592024000A2900 /* PBXContainerItemProxy */ = {
			isa = PBXContainerItemProxy;
			containerPortal = 914A92232C592022000A2900 /* Project object */;
			proxyType = 1;
			remoteGlobalIDString = 914A922A2C592022000A2900;
			remoteInfo = BusinessCard;
		};
		914A92482C592024000A2900 /* PBXContainerItemProxy */ = {
			isa = PBXContainerItemProxy;
			containerPortal = 914A92232C592022000A2900 /* Project object */;
			proxyType = 1;
			remoteGlobalIDString = 914A922A2C592022000A2900;
			remoteInfo = BusinessCard;
		};
/* End PBXContainerItemProxy section */

/* Begin PBXFileReference section */
		914A922B2C592022000A2900 /* BusinessCard.app */ = {isa = PBXFileReference; explicitFileType = wrapper.application; includeInIndex = 0; path = BusinessCard.app; sourceTree = BUILT_PRODUCTS_DIR; };
		914A922E2C592022000A2900 /* BusinessCardApp.swift */ = {isa = PBXFileReference; lastKnownFileType = sourcecode.swift; path = BusinessCardApp.swift; sourceTree = "<group>"; };
		914A92302C592022000A2900 /* ContentView.swift */ = {isa = PBXFileReference; lastKnownFileType = sourcecode.swift; path = ContentView.swift; sourceTree = "<group>"; };
		914A92322C592022000A2900 /* Item.swift */ = {isa = PBXFileReference; lastKnownFileType = sourcecode.swift; path = Item.swift; sourceTree = "<group>"; };
		914A92342C592024000A2900 /* Assets.xcassets */ = {isa = PBXFileReference; lastKnownFileType = folder.assetcatalog; path = Assets.xcassets; sourceTree = "<group>"; };
		914A92372C592024000A2900 /* Preview Assets.xcassets */ = {isa = PBXFileReference; lastKnownFileType = folder.assetcatalog; path = "Preview Assets.xcassets"; sourceTree = "<group>"; };
		914A923D2C592024000A2900 /* BusinessCardTests.xctest */ = {isa = PBXFileReference; explicitFileType = wrapper.cfbundle; includeInIndex = 0; path = BusinessCardTests.xctest; sourceTree = BUILT_PRODUCTS_DIR; };
		914A92412C592024000A2900 /* BusinessCardTests.swift */ = {isa = PBXFileReference; lastKnownFileType = sourcecode.swift; path = BusinessCardTests.swift; sourceTree = "<group>"; };
		914A92472C592024000A2900 /* BusinessCardUITests.xctest */ = {isa = PBXFileReference; explicitFileType = wrapper.cfbundle; includeInIndex = 0; path = BusinessCardUITests.xctest; sourceTree = BUILT_PRODUCTS_DIR; };
		914A924B2C592024000A2900 /* BusinessCardUITests.swift */ = {isa = PBXFileReference; lastKnownFileType = sourcecode.swift; path = BusinessCardUITests.swift; sourceTree = "<group>"; };
		914A924D2C592024000A2900 /* BusinessCardUITestsLaunchTests.swift */ = {isa = PBXFileReference; lastKnownFileType = sourcecode.swift; path = BusinessCardUITestsLaunchTests.swift; sourceTree = "<group>"; };
		914A925A2C5932DD000A2900 /* CardSharingView.swift */ = {isa = PBXFileReference; lastKnownFileType = sourcecode.swift; path = CardSharingView.swift; sourceTree = "<group>"; };
		914A925C2C593750000A2900 /* CardView.swift */ = {isa = PBXFileReference; lastKnownFileType = sourcecode.swift; path = CardView.swift; sourceTree = "<group>"; };
		914A92622C597081000A2900 /* Info.plist */ = {isa = PBXFileReference; lastKnownFileType = text.plist; path = Info.plist; sourceTree = "<group>"; };
		914A92632C5976D0000A2900 /* MCBrowserView.swift */ = {isa = PBXFileReference; lastKnownFileType = sourcecode.swift; path = MCBrowserView.swift; sourceTree = "<group>"; };
		914A92652C5976F2000A2900 /* BrowserCoordinator.swift */ = {isa = PBXFileReference; lastKnownFileType = sourcecode.swift; path = BrowserCoordinator.swift; sourceTree = "<group>"; };
		914A92672C597CE4000A2900 /* MultipeerSession.swift */ = {isa = PBXFileReference; lastKnownFileType = sourcecode.swift; path = MultipeerSession.swift; sourceTree = "<group>"; };
		914A92692C598421000A2900 /* BrowsePeers.swift */ = {isa = PBXFileReference; lastKnownFileType = sourcecode.swift; path = BrowsePeers.swift; sourceTree = "<group>"; };
		914A926B2C5A2C82000A2900 /* Settings.swift */ = {isa = PBXFileReference; lastKnownFileType = sourcecode.swift; path = Settings.swift; sourceTree = "<group>"; };
/* End PBXFileReference section */

/* Begin PBXFrameworksBuildPhase section */
		914A92282C592022000A2900 /* Frameworks */ = {
			isa = PBXFrameworksBuildPhase;
			buildActionMask = 2147483647;
			files = (
			);
			runOnlyForDeploymentPostprocessing = 0;
		};
		914A923A2C592024000A2900 /* Frameworks */ = {
			isa = PBXFrameworksBuildPhase;
			buildActionMask = 2147483647;
			files = (
			);
			runOnlyForDeploymentPostprocessing = 0;
		};
		914A92442C592024000A2900 /* Frameworks */ = {
			isa = PBXFrameworksBuildPhase;
			buildActionMask = 2147483647;
			files = (
			);
			runOnlyForDeploymentPostprocessing = 0;
		};
/* End PBXFrameworksBuildPhase section */

/* Begin PBXGroup section */
		914A92222C592022000A2900 = {
			isa = PBXGroup;
			children = (
				914A922D2C592022000A2900 /* BusinessCard */,
				914A92402C592024000A2900 /* BusinessCardTests */,
				914A924A2C592024000A2900 /* BusinessCardUITests */,
				914A922C2C592022000A2900 /* Products */,
			);
			sourceTree = "<group>";
		};
		914A922C2C592022000A2900 /* Products */ = {
			isa = PBXGroup;
			children = (
				914A922B2C592022000A2900 /* BusinessCard.app */,
				914A923D2C592024000A2900 /* BusinessCardTests.xctest */,
				914A92472C592024000A2900 /* BusinessCardUITests.xctest */,
			);
			name = Products;
			sourceTree = "<group>";
		};
		914A922D2C592022000A2900 /* BusinessCard */ = {
			isa = PBXGroup;
			children = (
				914A92622C597081000A2900 /* Info.plist */,
				914A922E2C592022000A2900 /* BusinessCardApp.swift */,
				914A92302C592022000A2900 /* ContentView.swift */,
				914A92322C592022000A2900 /* Item.swift */,
				914A92342C592024000A2900 /* Assets.xcassets */,
				914A92362C592024000A2900 /* Preview Content */,
				914A925A2C5932DD000A2900 /* CardSharingView.swift */,
				914A926B2C5A2C82000A2900 /* Settings.swift */,
				914A92692C598421000A2900 /* BrowsePeers.swift */,
				914A92632C5976D0000A2900 /* MCBrowserView.swift */,
				914A92652C5976F2000A2900 /* BrowserCoordinator.swift */,
				914A925C2C593750000A2900 /* CardView.swift */,
				914A92672C597CE4000A2900 /* MultipeerSession.swift */,
			);
			path = BusinessCard;
			sourceTree = "<group>";
		};
		914A92362C592024000A2900 /* Preview Content */ = {
			isa = PBXGroup;
			children = (
				914A92372C592024000A2900 /* Preview Assets.xcassets */,
			);
			path = "Preview Content";
			sourceTree = "<group>";
		};
		914A92402C592024000A2900 /* BusinessCardTests */ = {
			isa = PBXGroup;
			children = (
				914A92412C592024000A2900 /* BusinessCardTests.swift */,
			);
			path = BusinessCardTests;
			sourceTree = "<group>";
		};
		914A924A2C592024000A2900 /* BusinessCardUITests */ = {
			isa = PBXGroup;
			children = (
				914A924B2C592024000A2900 /* BusinessCardUITests.swift */,
				914A924D2C592024000A2900 /* BusinessCardUITestsLaunchTests.swift */,
			);
			path = BusinessCardUITests;
			sourceTree = "<group>";
		};
/* End PBXGroup section */

/* Begin PBXNativeTarget section */
		914A922A2C592022000A2900 /* BusinessCard */ = {
			isa = PBXNativeTarget;
			buildConfigurationList = 914A92512C592024000A2900 /* Build configuration list for PBXNativeTarget "BusinessCard" */;
			buildPhases = (
				914A92272C592022000A2900 /* Sources */,
				914A92282C592022000A2900 /* Frameworks */,
				914A92292C592022000A2900 /* Resources */,
			);
			buildRules = (
			);
			dependencies = (
			);
			name = BusinessCard;
			productName = BusinessCard;
			productReference = 914A922B2C592022000A2900 /* BusinessCard.app */;
			productType = "com.apple.product-type.application";
		};
		914A923C2C592024000A2900 /* BusinessCardTests */ = {
			isa = PBXNativeTarget;
			buildConfigurationList = 914A92542C592024000A2900 /* Build configuration list for PBXNativeTarget "BusinessCardTests" */;
			buildPhases = (
				914A92392C592024000A2900 /* Sources */,
				914A923A2C592024000A2900 /* Frameworks */,
				914A923B2C592024000A2900 /* Resources */,
			);
			buildRules = (
			);
			dependencies = (
				914A923F2C592024000A2900 /* PBXTargetDependency */,
			);
			name = BusinessCardTests;
			productName = BusinessCardTests;
			productReference = 914A923D2C592024000A2900 /* BusinessCardTests.xctest */;
			productType = "com.apple.product-type.bundle.unit-test";
		};
		914A92462C592024000A2900 /* BusinessCardUITests */ = {
			isa = PBXNativeTarget;
			buildConfigurationList = 914A92572C592024000A2900 /* Build configuration list for PBXNativeTarget "BusinessCardUITests" */;
			buildPhases = (
				914A92432C592024000A2900 /* Sources */,
				914A92442C592024000A2900 /* Frameworks */,
				914A92452C592024000A2900 /* Resources */,
			);
			buildRules = (
			);
			dependencies = (
				914A92492C592024000A2900 /* PBXTargetDependency */,
			);
			name = BusinessCardUITests;
			productName = BusinessCardUITests;
			productReference = 914A92472C592024000A2900 /* BusinessCardUITests.xctest */;
			productType = "com.apple.product-type.bundle.ui-testing";
		};
/* End PBXNativeTarget section */

/* Begin PBXProject section */
		914A92232C592022000A2900 /* Project object */ = {
			isa = PBXProject;
			attributes = {
				BuildIndependentTargetsInParallel = 1;
				LastSwiftUpdateCheck = 1540;
				LastUpgradeCheck = 1540;
				TargetAttributes = {
					914A922A2C592022000A2900 = {
						CreatedOnToolsVersion = 15.4;
					};
					914A923C2C592024000A2900 = {
						CreatedOnToolsVersion = 15.4;
						TestTargetID = 914A922A2C592022000A2900;
					};
					914A92462C592024000A2900 = {
						CreatedOnToolsVersion = 15.4;
						TestTargetID = 914A922A2C592022000A2900;
					};
				};
			};
			buildConfigurationList = 914A92262C592022000A2900 /* Build configuration list for PBXProject "BusinessCard" */;
			compatibilityVersion = "Xcode 14.0";
			developmentRegion = en;
			hasScannedForEncodings = 0;
			knownRegions = (
				en,
				Base,
			);
			mainGroup = 914A92222C592022000A2900;
			productRefGroup = 914A922C2C592022000A2900 /* Products */;
			projectDirPath = "";
			projectRoot = "";
			targets = (
				914A922A2C592022000A2900 /* BusinessCard */,
				914A923C2C592024000A2900 /* BusinessCardTests */,
				914A92462C592024000A2900 /* BusinessCardUITests */,
			);
		};
/* End PBXProject section */

/* Begin PBXResourcesBuildPhase section */
		914A92292C592022000A2900 /* Resources */ = {
			isa = PBXResourcesBuildPhase;
			buildActionMask = 2147483647;
			files = (
				914A92382C592024000A2900 /* Preview Assets.xcassets in Resources */,
				914A92352C592024000A2900 /* Assets.xcassets in Resources */,
			);
			runOnlyForDeploymentPostprocessing = 0;
		};
		914A923B2C592024000A2900 /* Resources */ = {
			isa = PBXResourcesBuildPhase;
			buildActionMask = 2147483647;
			files = (
			);
			runOnlyForDeploymentPostprocessing = 0;
		};
		914A92452C592024000A2900 /* Resources */ = {
			isa = PBXResourcesBuildPhase;
			buildActionMask = 2147483647;
			files = (
			);
			runOnlyForDeploymentPostprocessing = 0;
		};
/* End PBXResourcesBuildPhase section */

/* Begin PBXSourcesBuildPhase section */
		914A92272C592022000A2900 /* Sources */ = {
			isa = PBXSourcesBuildPhase;
			buildActionMask = 2147483647;
			files = (
				914A92312C592022000A2900 /* ContentView.swift in Sources */,
				914A92642C5976D0000A2900 /* MCBrowserView.swift in Sources */,
				914A92662C5976F2000A2900 /* BrowserCoordinator.swift in Sources */,
				914A925B2C5932DD000A2900 /* CardSharingView.swift in Sources */,
				914A926C2C5A2C82000A2900 /* Settings.swift in Sources */,
				914A92682C597CE4000A2900 /* MultipeerSession.swift in Sources */,
				914A92332C592022000A2900 /* Item.swift in Sources */,
				914A926A2C598421000A2900 /* BrowsePeers.swift in Sources */,
				914A922F2C592022000A2900 /* BusinessCardApp.swift in Sources */,
				914A925D2C593750000A2900 /* CardView.swift in Sources */,
			);
			runOnlyForDeploymentPostprocessing = 0;
		};
		914A92392C592024000A2900 /* Sources */ = {
			isa = PBXSourcesBuildPhase;
			buildActionMask = 2147483647;
			files = (
				914A92422C592024000A2900 /* BusinessCardTests.swift in Sources */,
			);
			runOnlyForDeploymentPostprocessing = 0;
		};
		914A92432C592024000A2900 /* Sources */ = {
			isa = PBXSourcesBuildPhase;
			buildActionMask = 2147483647;
			files = (
				914A924E2C592024000A2900 /* BusinessCardUITestsLaunchTests.swift in Sources */,
				914A924C2C592024000A2900 /* BusinessCardUITests.swift in Sources */,
			);
			runOnlyForDeploymentPostprocessing = 0;
		};
/* End PBXSourcesBuildPhase section */

/* Begin PBXTargetDependency section */
		914A923F2C592024000A2900 /* PBXTargetDependency */ = {
			isa = PBXTargetDependency;
			target = 914A922A2C592022000A2900 /* BusinessCard */;
			targetProxy = 914A923E2C592024000A2900 /* PBXContainerItemProxy */;
		};
		914A92492C592024000A2900 /* PBXTargetDependency */ = {
			isa = PBXTargetDependency;
			target = 914A922A2C592022000A2900 /* BusinessCard */;
			targetProxy = 914A92482C592024000A2900 /* PBXContainerItemProxy */;
		};
/* End PBXTargetDependency section */

/* Begin XCBuildConfiguration section */
		914A924F2C592024000A2900 /* Debug */ = {
			isa = XCBuildConfiguration;
			buildSettings = {
				ALWAYS_SEARCH_USER_PATHS = NO;
				ASSETCATALOG_COMPILER_GENERATE_SWIFT_ASSET_SYMBOL_EXTENSIONS = YES;
				CLANG_ANALYZER_NONNULL = YES;
				CLANG_ANALYZER_NUMBER_OBJECT_CONVERSION = YES_AGGRESSIVE;
				CLANG_CXX_LANGUAGE_STANDARD = "gnu++20";
				CLANG_ENABLE_MODULES = YES;
				CLANG_ENABLE_OBJC_ARC = YES;
				CLANG_ENABLE_OBJC_WEAK = YES;
				CLANG_WARN_BLOCK_CAPTURE_AUTORELEASING = YES;
				CLANG_WARN_BOOL_CONVERSION = YES;
				CLANG_WARN_COMMA = YES;
				CLANG_WARN_CONSTANT_CONVERSION = YES;
				CLANG_WARN_DEPRECATED_OBJC_IMPLEMENTATIONS = YES;
				CLANG_WARN_DIRECT_OBJC_ISA_USAGE = YES_ERROR;
				CLANG_WARN_DOCUMENTATION_COMMENTS = YES;
				CLANG_WARN_EMPTY_BODY = YES;
				CLANG_WARN_ENUM_CONVERSION = YES;
				CLANG_WARN_INFINITE_RECURSION = YES;
				CLANG_WARN_INT_CONVERSION = YES;
				CLANG_WARN_NON_LITERAL_NULL_CONVERSION = YES;
				CLANG_WARN_OBJC_IMPLICIT_RETAIN_SELF = YES;
				CLANG_WARN_OBJC_LITERAL_CONVERSION = YES;
				CLANG_WARN_OBJC_ROOT_CLASS = YES_ERROR;
				CLANG_WARN_QUOTED_INCLUDE_IN_FRAMEWORK_HEADER = YES;
				CLANG_WARN_RANGE_LOOP_ANALYSIS = YES;
				CLANG_WARN_STRICT_PROTOTYPES = YES;
				CLANG_WARN_SUSPICIOUS_MOVE = YES;
				CLANG_WARN_UNGUARDED_AVAILABILITY = YES_AGGRESSIVE;
				CLANG_WARN_UNREACHABLE_CODE = YES;
				CLANG_WARN__DUPLICATE_METHOD_MATCH = YES;
				COPY_PHASE_STRIP = NO;
				DEBUG_INFORMATION_FORMAT = dwarf;
				ENABLE_STRICT_OBJC_MSGSEND = YES;
				ENABLE_TESTABILITY = YES;
				ENABLE_USER_SCRIPT_SANDBOXING = YES;
				GCC_C_LANGUAGE_STANDARD = gnu17;
				GCC_DYNAMIC_NO_PIC = NO;
				GCC_NO_COMMON_BLOCKS = YES;
				GCC_OPTIMIZATION_LEVEL = 0;
				GCC_PREPROCESSOR_DEFINITIONS = (
					"DEBUG=1",
					"$(inherited)",
				);
				GCC_WARN_64_TO_32_BIT_CONVERSION = YES;
				GCC_WARN_ABOUT_RETURN_TYPE = YES_ERROR;
				GCC_WARN_UNDECLARED_SELECTOR = YES;
				GCC_WARN_UNINITIALIZED_AUTOS = YES_AGGRESSIVE;
				GCC_WARN_UNUSED_FUNCTION = YES;
				GCC_WARN_UNUSED_VARIABLE = YES;
				IPHONEOS_DEPLOYMENT_TARGET = 17.5;
				LOCALIZATION_PREFERS_STRING_CATALOGS = YES;
				MTL_ENABLE_DEBUG_INFO = INCLUDE_SOURCE;
				MTL_FAST_MATH = YES;
				ONLY_ACTIVE_ARCH = YES;
				SDKROOT = iphoneos;
				SWIFT_ACTIVE_COMPILATION_CONDITIONS = "DEBUG $(inherited)";
				SWIFT_OPTIMIZATION_LEVEL = "-Onone";
			};
			name = Debug;
		};
		914A92502C592024000A2900 /* Release */ = {
			isa = XCBuildConfiguration;
			buildSettings = {
				ALWAYS_SEARCH_USER_PATHS = NO;
				ASSETCATALOG_COMPILER_GENERATE_SWIFT_ASSET_SYMBOL_EXTENSIONS = YES;
				CLANG_ANALYZER_NONNULL = YES;
				CLANG_ANALYZER_NUMBER_OBJECT_CONVERSION = YES_AGGRESSIVE;
				CLANG_CXX_LANGUAGE_STANDARD = "gnu++20";
				CLANG_ENABLE_MODULES = YES;
				CLANG_ENABLE_OBJC_ARC = YES;
				CLANG_ENABLE_OBJC_WEAK = YES;
				CLANG_WARN_BLOCK_CAPTURE_AUTORELEASING = YES;
				CLANG_WARN_BOOL_CONVERSION = YES;
				CLANG_WARN_COMMA = YES;
				CLANG_WARN_CONSTANT_CONVERSION = YES;
				CLANG_WARN_DEPRECATED_OBJC_IMPLEMENTATIONS = YES;
				CLANG_WARN_DIRECT_OBJC_ISA_USAGE = YES_ERROR;
				CLANG_WARN_DOCUMENTATION_COMMENTS = YES;
				CLANG_WARN_EMPTY_BODY = YES;
				CLANG_WARN_ENUM_CONVERSION = YES;
				CLANG_WARN_INFINITE_RECURSION = YES;
				CLANG_WARN_INT_CONVERSION = YES;
				CLANG_WARN_NON_LITERAL_NULL_CONVERSION = YES;
				CLANG_WARN_OBJC_IMPLICIT_RETAIN_SELF = YES;
				CLANG_WARN_OBJC_LITERAL_CONVERSION = YES;
				CLANG_WARN_OBJC_ROOT_CLASS = YES_ERROR;
				CLANG_WARN_QUOTED_INCLUDE_IN_FRAMEWORK_HEADER = YES;
				CLANG_WARN_RANGE_LOOP_ANALYSIS = YES;
				CLANG_WARN_STRICT_PROTOTYPES = YES;
				CLANG_WARN_SUSPICIOUS_MOVE = YES;
				CLANG_WARN_UNGUARDED_AVAILABILITY = YES_AGGRESSIVE;
				CLANG_WARN_UNREACHABLE_CODE = YES;
				CLANG_WARN__DUPLICATE_METHOD_MATCH = YES;
				COPY_PHASE_STRIP = NO;
				DEBUG_INFORMATION_FORMAT = "dwarf-with-dsym";
				ENABLE_NS_ASSERTIONS = NO;
				ENABLE_STRICT_OBJC_MSGSEND = YES;
				ENABLE_USER_SCRIPT_SANDBOXING = YES;
				GCC_C_LANGUAGE_STANDARD = gnu17;
				GCC_NO_COMMON_BLOCKS = YES;
				GCC_WARN_64_TO_32_BIT_CONVERSION = YES;
				GCC_WARN_ABOUT_RETURN_TYPE = YES_ERROR;
				GCC_WARN_UNDECLARED_SELECTOR = YES;
				GCC_WARN_UNINITIALIZED_AUTOS = YES_AGGRESSIVE;
				GCC_WARN_UNUSED_FUNCTION = YES;
				GCC_WARN_UNUSED_VARIABLE = YES;
				IPHONEOS_DEPLOYMENT_TARGET = 17.5;
				LOCALIZATION_PREFERS_STRING_CATALOGS = YES;
				MTL_ENABLE_DEBUG_INFO = NO;
				MTL_FAST_MATH = YES;
				SDKROOT = iphoneos;
				SWIFT_COMPILATION_MODE = wholemodule;
				VALIDATE_PRODUCT = YES;
			};
			name = Release;
		};
		914A92522C592024000A2900 /* Debug */ = {
			isa = XCBuildConfiguration;
			buildSettings = {
				ASSETCATALOG_COMPILER_APPICON_NAME = AppIcon;
				ASSETCATALOG_COMPILER_GLOBAL_ACCENT_COLOR_NAME = AccentColor;
				CODE_SIGN_STYLE = Automatic;
				CURRENT_PROJECT_VERSION = 1;
				DEVELOPMENT_ASSET_PATHS = "\"BusinessCard/Preview Content\"";
				DEVELOPMENT_TEAM = SH63W6PH4B;
				ENABLE_PREVIEWS = YES;
				GENERATE_INFOPLIST_FILE = YES;
				INFOPLIST_FILE = BusinessCard/Info.plist;
				INFOPLIST_KEY_NSLocalNetworkUsageDescription = "This apps wants to use your local network to discover your peers.";
				INFOPLIST_KEY_UIApplicationSceneManifest_Generation = YES;
				INFOPLIST_KEY_UIApplicationSupportsIndirectInputEvents = YES;
				INFOPLIST_KEY_UILaunchScreen_Generation = YES;
				INFOPLIST_KEY_UISupportedInterfaceOrientations_iPad = "UIInterfaceOrientationPortrait UIInterfaceOrientationPortraitUpsideDown UIInterfaceOrientationLandscapeLeft UIInterfaceOrientationLandscapeRight";
				INFOPLIST_KEY_UISupportedInterfaceOrientations_iPhone = "UIInterfaceOrientationPortrait UIInterfaceOrientationLandscapeLeft UIInterfaceOrientationLandscapeRight";
				LD_RUNPATH_SEARCH_PATHS = (
					"$(inherited)",
					"@executable_path/Frameworks",
				);
				MARKETING_VERSION = 1.0;
				PRODUCT_BUNDLE_IDENTIFIER = com.peers.BusinessCard;
				PRODUCT_NAME = "$(TARGET_NAME)";
				SWIFT_EMIT_LOC_STRINGS = YES;
				SWIFT_VERSION = 5.0;
				TARGETED_DEVICE_FAMILY = "1,2";
			};
			name = Debug;
		};
		914A92532C592024000A2900 /* Release */ = {
			isa = XCBuildConfiguration;
			buildSettings = {
				ASSETCATALOG_COMPILER_APPICON_NAME = AppIcon;
				ASSETCATALOG_COMPILER_GLOBAL_ACCENT_COLOR_NAME = AccentColor;
				CODE_SIGN_STYLE = Automatic;
				CURRENT_PROJECT_VERSION = 1;
				DEVELOPMENT_ASSET_PATHS = "\"BusinessCard/Preview Content\"";
				DEVELOPMENT_TEAM = SH63W6PH4B;
				ENABLE_PREVIEWS = YES;
				GENERATE_INFOPLIST_FILE = YES;
				INFOPLIST_FILE = BusinessCard/Info.plist;
				INFOPLIST_KEY_NSLocalNetworkUsageDescription = "This apps wants to use your local network to discover your peers.";
				INFOPLIST_KEY_UIApplicationSceneManifest_Generation = YES;
				INFOPLIST_KEY_UIApplicationSupportsIndirectInputEvents = YES;
				INFOPLIST_KEY_UILaunchScreen_Generation = YES;
				INFOPLIST_KEY_UISupportedInterfaceOrientations_iPad = "UIInterfaceOrientationPortrait UIInterfaceOrientationPortraitUpsideDown UIInterfaceOrientationLandscapeLeft UIInterfaceOrientationLandscapeRight";
				INFOPLIST_KEY_UISupportedInterfaceOrientations_iPhone = "UIInterfaceOrientationPortrait UIInterfaceOrientationLandscapeLeft UIInterfaceOrientationLandscapeRight";
				LD_RUNPATH_SEARCH_PATHS = (
					"$(inherited)",
					"@executable_path/Frameworks",
				);
				MARKETING_VERSION = 1.0;
				PRODUCT_BUNDLE_IDENTIFIER = com.peers.BusinessCard;
				PRODUCT_NAME = "$(TARGET_NAME)";
				SWIFT_EMIT_LOC_STRINGS = YES;
				SWIFT_VERSION = 5.0;
				TARGETED_DEVICE_FAMILY = "1,2";
			};
			name = Release;
		};
		914A92552C592024000A2900 /* Debug */ = {
			isa = XCBuildConfiguration;
			buildSettings = {
				ALWAYS_EMBED_SWIFT_STANDARD_LIBRARIES = YES;
				BUNDLE_LOADER = "$(TEST_HOST)";
				CODE_SIGN_STYLE = Automatic;
				CURRENT_PROJECT_VERSION = 1;
				DEVELOPMENT_TEAM = SH63W6PH4B;
				GENERATE_INFOPLIST_FILE = YES;
				IPHONEOS_DEPLOYMENT_TARGET = 17.5;
				MARKETING_VERSION = 1.0;
				PRODUCT_BUNDLE_IDENTIFIER = com.peers.BusinessCardTests;
				PRODUCT_NAME = "$(TARGET_NAME)";
				SWIFT_EMIT_LOC_STRINGS = NO;
				SWIFT_VERSION = 5.0;
				TARGETED_DEVICE_FAMILY = "1,2";
				TEST_HOST = "$(BUILT_PRODUCTS_DIR)/BusinessCard.app/$(BUNDLE_EXECUTABLE_FOLDER_PATH)/BusinessCard";
			};
			name = Debug;
		};
		914A92562C592024000A2900 /* Release */ = {
			isa = XCBuildConfiguration;
			buildSettings = {
				ALWAYS_EMBED_SWIFT_STANDARD_LIBRARIES = YES;
				BUNDLE_LOADER = "$(TEST_HOST)";
				CODE_SIGN_STYLE = Automatic;
				CURRENT_PROJECT_VERSION = 1;
				DEVELOPMENT_TEAM = SH63W6PH4B;
				GENERATE_INFOPLIST_FILE = YES;
				IPHONEOS_DEPLOYMENT_TARGET = 17.5;
				MARKETING_VERSION = 1.0;
				PRODUCT_BUNDLE_IDENTIFIER = com.peers.BusinessCardTests;
				PRODUCT_NAME = "$(TARGET_NAME)";
				SWIFT_EMIT_LOC_STRINGS = NO;
				SWIFT_VERSION = 5.0;
				TARGETED_DEVICE_FAMILY = "1,2";
				TEST_HOST = "$(BUILT_PRODUCTS_DIR)/BusinessCard.app/$(BUNDLE_EXECUTABLE_FOLDER_PATH)/BusinessCard";
			};
			name = Release;
		};
		914A92582C592024000A2900 /* Debug */ = {
			isa = XCBuildConfiguration;
			buildSettings = {
				ALWAYS_EMBED_SWIFT_STANDARD_LIBRARIES = YES;
				CODE_SIGN_STYLE = Automatic;
				CURRENT_PROJECT_VERSION = 1;
				DEVELOPMENT_TEAM = SH63W6PH4B;
				GENERATE_INFOPLIST_FILE = YES;
				MARKETING_VERSION = 1.0;
				PRODUCT_BUNDLE_IDENTIFIER = com.peers.BusinessCardUITests;
				PRODUCT_NAME = "$(TARGET_NAME)";
				SWIFT_EMIT_LOC_STRINGS = NO;
				SWIFT_VERSION = 5.0;
				TARGETED_DEVICE_FAMILY = "1,2";
				TEST_TARGET_NAME = BusinessCard;
			};
			name = Debug;
		};
		914A92592C592024000A2900 /* Release */ = {
			isa = XCBuildConfiguration;
			buildSettings = {
				ALWAYS_EMBED_SWIFT_STANDARD_LIBRARIES = YES;
				CODE_SIGN_STYLE = Automatic;
				CURRENT_PROJECT_VERSION = 1;
				DEVELOPMENT_TEAM = SH63W6PH4B;
				GENERATE_INFOPLIST_FILE = YES;
				MARKETING_VERSION = 1.0;
				PRODUCT_BUNDLE_IDENTIFIER = com.peers.BusinessCardUITests;
				PRODUCT_NAME = "$(TARGET_NAME)";
				SWIFT_EMIT_LOC_STRINGS = NO;
				SWIFT_VERSION = 5.0;
				TARGETED_DEVICE_FAMILY = "1,2";
				TEST_TARGET_NAME = BusinessCard;
			};
			name = Release;
		};
/* End XCBuildConfiguration section */

/* Begin XCConfigurationList section */
		914A92262C592022000A2900 /* Build configuration list for PBXProject "BusinessCard" */ = {
			isa = XCConfigurationList;
			buildConfigurations = (
				914A924F2C592024000A2900 /* Debug */,
				914A92502C592024000A2900 /* Release */,
			);
			defaultConfigurationIsVisible = 0;
			defaultConfigurationName = Release;
		};
		914A92512C592024000A2900 /* Build configuration list for PBXNativeTarget "BusinessCard" */ = {
			isa = XCConfigurationList;
			buildConfigurations = (
				914A92522C592024000A2900 /* Debug */,
				914A92532C592024000A2900 /* Release */,
			);
			defaultConfigurationIsVisible = 0;
			defaultConfigurationName = Release;
		};
		914A92542C592024000A2900 /* Build configuration list for PBXNativeTarget "BusinessCardTests" */ = {
			isa = XCConfigurationList;
			buildConfigurations = (
				914A92552C592024000A2900 /* Debug */,
				914A92562C592024000A2900 /* Release */,
			);
			defaultConfigurationIsVisible = 0;
			defaultConfigurationName = Release;
		};
		914A92572C592024000A2900 /* Build configuration list for PBXNativeTarget "BusinessCardUITests" */ = {
			isa = XCConfigurationList;
			buildConfigurations = (
				914A92582C592024000A2900 /* Debug */,
				914A92592C592024000A2900 /* Release */,
			);
			defaultConfigurationIsVisible = 0;
			defaultConfigurationName = Release;
		};
/* End XCConfigurationList section */
	};
	rootObject = 914A92232C592022000A2900 /* Project object */;
}
